
Microsoft Visual Studio Solution File, Format Version 12.00
# Visual Studio 15
VisualStudioVersion = 15.0.27428.2015
MinimumVisualStudioVersion = 10.0.40219.1
Project("{FAE04EC0-301F-11D3-BF4B-00C04F79EFBC}") = "NET.S.2018.Popivnenko.08", "NET.S.2018.Popivnenko.08\NET.S.2018.Popivnenko.08.csproj", "{D6BD81CA-B641-4124-95DE-51558C23A136}"
EndProject
Project("{FAE04EC0-301F-11D3-BF4B-00C04F79EFBC}") = "NET.S.2018.Popivnenko.08.BookLib", "NET.S.2018.Popivnenko.08.BookLib\NET.S.2018.Popivnenko.08.BookLib.csproj", "{FD5320BF-E842-49EA-AA5C-014075AEBF28}"
EndProject
Project("{FAE04EC0-301F-11D3-BF4B-00C04F79EFBC}") = "NET.S.2018.Popivnenko.08.BankAccountProj", "NET.S.2018.Popivnenko.08.BankAccountProj\NET.S.2018.Popivnenko.08.BankAccountProj.csproj", "{677947F7-C3FD-4966-B81E-082B8ECD0D9B}"
EndProject
Project("{9A19103F-16F7-4668-BE54-9A1E7A4F7556}") = "NET.S.2018.Popivnenko.08.BookTester", "NET.S.2018.Popivnenko.08.BookTester\NET.S.2018.Popivnenko.08.BookTester.csproj", "{F04FA59D-67A3-47B3-8DB0-258F92616865}"
EndProject
Project("{FAE04EC0-301F-11D3-BF4B-00C04F79EFBC}") = "NET.S.2018.Popivnenko.08.BankTester", "NET.S.2018.Popivnenko.08.BankTester\NET.S.2018.Popivnenko.08.BankTester.csproj", "{5BD6FE6B-C201-4000-9E26-7E5E39E4E48C}"
EndProject
Global
	GlobalSection(SolutionConfigurationPlatforms) = preSolution
		Debug|Any CPU = Debug|Any CPU
		Release|Any CPU = Release|Any CPU
	EndGlobalSection
	GlobalSection(ProjectConfigurationPlatforms) = postSolution
		{D6BD81CA-B641-4124-95DE-51558C23A136}.Debug|Any CPU.ActiveCfg = Debug|Any CPU
		{D6BD81CA-B641-4124-95DE-51558C23A136}.Debug|Any CPU.Build.0 = Debug|Any CPU
		{D6BD81CA-B641-4124-95DE-51558C23A136}.Release|Any CPU.ActiveCfg = Release|Any CPU
		{D6BD81CA-B641-4124-95DE-51558C23A136}.Release|Any CPU.Build.0 = Release|Any CPU
		{FD5320BF-E842-49EA-AA5C-014075AEBF28}.Debug|Any CPU.ActiveCfg = Debug|Any CPU
		{FD5320BF-E842-49EA-AA5C-014075AEBF28}.Debug|Any CPU.Build.0 = Debug|Any CPU
		{FD5320BF-E842-49EA-AA5C-014075AEBF28}.Release|Any CPU.ActiveCfg = Release|Any CPU
		{FD5320BF-E842-49EA-AA5C-014075AEBF28}.Release|Any CPU.Build.0 = Release|Any CPU
		{677947F7-C3FD-4966-B81E-082B8ECD0D9B}.Debug|Any CPU.ActiveCfg = Debug|Any CPU
		{677947F7-C3FD-4966-B81E-082B8ECD0D9B}.Debug|Any CPU.Build.0 = Debug|Any CPU
		{677947F7-C3FD-4966-B81E-082B8ECD0D9B}.Release|Any CPU.ActiveCfg = Release|Any CPU
		{677947F7-C3FD-4966-B81E-082B8ECD0D9B}.Release|Any CPU.Build.0 = Release|Any CPU
		{F04FA59D-67A3-47B3-8DB0-258F92616865}.Debug|Any CPU.ActiveCfg = Debug|Any CPU
		{F04FA59D-67A3-47B3-8DB0-258F92616865}.Debug|Any CPU.Build.0 = Debug|Any CPU
		{F04FA59D-67A3-47B3-8DB0-258F92616865}.Release|Any CPU.ActiveCfg = Release|Any CPU
		{F04FA59D-67A3-47B3-8DB0-258F92616865}.Release|Any CPU.Build.0 = Release|Any CPU
		{5BD6FE6B-C201-4000-9E26-7E5E39E4E48C}.Debug|Any CPU.ActiveCfg = Debug|Any CPU
		{5BD6FE6B-C201-4000-9E26-7E5E39E4E48C}.Debug|Any CPU.Build.0 = Debug|Any CPU
		{5BD6FE6B-C201-4000-9E26-7E5E39E4E48C}.Release|Any CPU.ActiveCfg = Release|Any CPU
		{5BD6FE6B-C201-4000-9E26-7E5E39E4E48C}.Release|Any CPU.Build.0 = Release|Any CPU
	EndGlobalSection
	GlobalSection(SolutionProperties) = preSolution
		HideSolutionNode = FALSE
	EndGlobalSection
	GlobalSection(ExtensibilityGlobals) = postSolution
		SolutionGuid = {9B8E59C1-F8E7-47CC-84B1-4D4A278FF80E}
	EndGlobalSection
EndGlobal
